
Microsoft Visual Studio Solution File, Format Version 12.00
# Visual Studio 15
VisualStudioVersion = 15.0.28307.572
MinimumVisualStudioVersion = 10.0.40219.1
Project("{FAE04EC0-301F-11D3-BF4B-00C04F79EFBC}") = "dBASEx", "dBASEx\dBASEx.csproj", "{727BE0A7-5797-4FE5-A48E-77B1489FDC70}"
EndProject
Project("{FAE04EC0-301F-11D3-BF4B-00C04F79EFBC}") = "dBASE.NET", "..\dBASE.NET\dBASE.NET\dBASE.NET.csproj", "{6D931BBD-E331-4A20-90E8-FF7BB2A46E8F}"
EndProject
Global
	GlobalSection(SolutionConfigurationPlatforms) = preSolution
		Debug|Any CPU = Debug|Any CPU
		Release|Any CPU = Release|Any CPU
	EndGlobalSection
	GlobalSection(ProjectConfigurationPlatforms) = postSolution
		{727BE0A7-5797-4FE5-A48E-77B1489FDC70}.Debug|Any CPU.ActiveCfg = Debug|Any CPU
		{727BE0A7-5797-4FE5-A48E-77B1489FDC70}.Debug|Any CPU.Build.0 = Debug|Any CPU
		{727BE0A7-5797-4FE5-A48E-77B1489FDC70}.Release|Any CPU.ActiveCfg = Release|Any CPU
		{727BE0A7-5797-4FE5-A48E-77B1489FDC70}.Release|Any CPU.Build.0 = Release|Any CPU
		{6D931BBD-E331-4A20-90E8-FF7BB2A46E8F}.Debug|Any CPU.ActiveCfg = Debug|Any CPU
		{6D931BBD-E331-4A20-90E8-FF7BB2A46E8F}.Debug|Any CPU.Build.0 = Debug|Any CPU
		{6D931BBD-E331-4A20-90E8-FF7BB2A46E8F}.Release|Any CPU.ActiveCfg = Release|Any CPU
		{6D931BBD-E331-4A20-90E8-FF7BB2A46E8F}.Release|Any CPU.Build.0 = Release|Any CPU
	EndGlobalSection
	GlobalSection(SolutionProperties) = preSolution
		HideSolutionNode = FALSE
	EndGlobalSection
	GlobalSection(ExtensibilityGlobals) = postSolution
		SolutionGuid = {2A979096-94F4-4F2D-8605-BE86FC032BD5}
	EndGlobalSection
EndGlobal
